
Microsoft Visual Studio Solution File, Format Version 12.00
# Visual Studio 15
Project("{FAE04EC0-301F-11D3-BF4B-00C04F79EFBC}") = "CW.Common", "CW.Common.csproj", "{51046201-E804-2E58-9FAC-F29273A38351}"
EndProject
Project("{FAE04EC0-301F-11D3-BF4B-00C04F79EFBC}") = "LeanPool", "LeanPool.csproj", "{84E64B96-AC89-9524-5CB7-E9681C32FF97}"
EndProject
Project("{FAE04EC0-301F-11D3-BF4B-00C04F79EFBC}") = "LeanCommon", "LeanCommon.csproj", "{45EF99B1-FADB-8566-A151-F65E1AE1AEC4}"
EndProject
Project("{FAE04EC0-301F-11D3-BF4B-00C04F79EFBC}") = "Assembly-CSharp", "Assembly-CSharp.csproj", "{7169BB94-133F-2F16-86F3-34E82BFE9DE2}"
EndProject
Project("{FAE04EC0-301F-11D3-BF4B-00C04F79EFBC}") = "Assembly-CSharp-Editor", "Assembly-CSharp-Editor.csproj", "{1143CF9C-1E10-0EB0-43E2-B8301B8601E0}"
EndProject
Global
	GlobalSection(SolutionConfigurationPlatforms) = preSolution
		Debug|Any CPU = Debug|Any CPU
		Release|Any CPU = Release|Any CPU
	EndGlobalSection
	GlobalSection(ProjectConfigurationPlatforms) = postSolution
		{51046201-E804-2E58-9FAC-F29273A38351}.Debug|Any CPU.ActiveCfg = Debug|Any CPU
		{51046201-E804-2E58-9FAC-F29273A38351}.Debug|Any CPU.Build.0 = Debug|Any CPU
		{51046201-E804-2E58-9FAC-F29273A38351}.Release|Any CPU.ActiveCfg = Release|Any CPU
		{51046201-E804-2E58-9FAC-F29273A38351}.Release|Any CPU.Build.0 = Release|Any CPU
		{84E64B96-AC89-9524-5CB7-E9681C32FF97}.Debug|Any CPU.ActiveCfg = Debug|Any CPU
		{84E64B96-AC89-9524-5CB7-E9681C32FF97}.Debug|Any CPU.Build.0 = Debug|Any CPU
		{84E64B96-AC89-9524-5CB7-E9681C32FF97}.Release|Any CPU.ActiveCfg = Release|Any CPU
		{84E64B96-AC89-9524-5CB7-E9681C32FF97}.Release|Any CPU.Build.0 = Release|Any CPU
		{45EF99B1-FADB-8566-A151-F65E1AE1AEC4}.Debug|Any CPU.ActiveCfg = Debug|Any CPU
		{45EF99B1-FADB-8566-A151-F65E1AE1AEC4}.Debug|Any CPU.Build.0 = Debug|Any CPU
		{45EF99B1-FADB-8566-A151-F65E1AE1AEC4}.Release|Any CPU.ActiveCfg = Release|Any CPU
		{45EF99B1-FADB-8566-A151-F65E1AE1AEC4}.Release|Any CPU.Build.0 = Release|Any CPU
		{7169BB94-133F-2F16-86F3-34E82BFE9DE2}.Debug|Any CPU.ActiveCfg = Debug|Any CPU
		{7169BB94-133F-2F16-86F3-34E82BFE9DE2}.Debug|Any CPU.Build.0 = Debug|Any CPU
		{7169BB94-133F-2F16-86F3-34E82BFE9DE2}.Release|Any CPU.ActiveCfg = Release|Any CPU
		{7169BB94-133F-2F16-86F3-34E82BFE9DE2}.Release|Any CPU.Build.0 = Release|Any CPU
		{1143CF9C-1E10-0EB0-43E2-B8301B8601E0}.Debug|Any CPU.ActiveCfg = Debug|Any CPU
		{1143CF9C-1E10-0EB0-43E2-B8301B8601E0}.Debug|Any CPU.Build.0 = Debug|Any CPU
		{1143CF9C-1E10-0EB0-43E2-B8301B8601E0}.Release|Any CPU.ActiveCfg = Release|Any CPU
		{1143CF9C-1E10-0EB0-43E2-B8301B8601E0}.Release|Any CPU.Build.0 = Release|Any CPU
	EndGlobalSection
	GlobalSection(SolutionProperties) = preSolution
		HideSolutionNode = FALSE
	EndGlobalSection
EndGlobal
